PODS:
  - FlutterMacOS (1.0.0)
  - HotKey (0.2.1)
  - hotkey_manager_macos (0.0.1):
    - FlutterMacOS
    - HotKey
  - rust_api (0.0.1):
    - FlutterMacOS
  - setup (0.0.1):
    - FlutterMacOS

DEPENDENCIES:
  - FlutterMacOS (from `Flutter/ephemeral`)
  - hotkey_manager_macos (from `Flutter/ephemeral/.symlinks/plugins/hotkey_manager_macos/macos`)
  - rust_api (from `Flutter/ephemeral/.symlinks/plugins/rust_api/macos`)
  - setup (from `Flutter/ephemeral/.symlinks/plugins/setup/macos`)

SPEC REPOS:
  trunk:
    - HotKey

EXTERNAL SOURCES:
  FlutterMacOS:
    :path: Flutter/ephemeral
  hotkey_manager_macos:
    :path: Flutter/ephemeral/.symlinks/plugins/hotkey_manager_macos/macos
  rust_api:
    :path: Flutter/ephemeral/.symlinks/plugins/rust_api/macos
  setup:
    :path: Flutter/ephemeral/.symlinks/plugins/setup/macos

SPEC CHECKSUMS:
  FlutterMacOS: c232990155153907050900a2e175c7773903ba4e
  HotKey: 400beb7caa29054ea8d864c96f5ba7e5b4852277
  hotkey_manager_macos: a4317849af96d2430fa89944d3c58977ca089fbe
  rust_api: 112f3cfd993afe61c6662bdb30fd6e3509fb3bf8
  setup: fbca4a83aba6efbe6510b5e268c8aea0bf192d00

PODFILE CHECKSUM: 3edf1b1e0338e5e93d7d12e3e82376fdabe30f41

COCOAPODS: 1.16.2
