PODS:
  - flutter_js (0.0.1):
    - FlutterMacOS
  - FlutterMacOS (1.0.0)
  - HotKey (0.2.1)
  - hotkey_manager_macos (0.0.1):
    - FlutterMacOS
    - HotKey
  - rust_api (0.0.1):
    - FlutterMacOS
  - setup (0.0.1):
    - FlutterMacOS

DEPENDENCIES:
  - flutter_js (from `Flutter/ephemeral/.symlinks/plugins/flutter_js/macos`)
  - FlutterMacOS (from `Flutter/ephemeral`)
  - hotkey_manager_macos (from `Flutter/ephemeral/.symlinks/plugins/hotkey_manager_macos/macos`)
  - rust_api (from `Flutter/ephemeral/.symlinks/plugins/rust_api/macos`)
  - setup (from `Flutter/ephemeral/.symlinks/plugins/setup/macos`)

SPEC REPOS:
  trunk:
    - HotKey

EXTERNAL SOURCES:
  flutter_js:
    :path: Flutter/ephemeral/.symlinks/plugins/flutter_js/macos
  FlutterMacOS:
    :path: Flutter/ephemeral
  hotkey_manager_macos:
    :path: Flutter/ephemeral/.symlinks/plugins/hotkey_manager_macos/macos
  rust_api:
    :path: Flutter/ephemeral/.symlinks/plugins/rust_api/macos
  setup:
    :path: Flutter/ephemeral/.symlinks/plugins/setup/macos

SPEC CHECKSUMS:
  flutter_js: 79c3c70d33ba464c67d8eb88639a61aa718cd8b8
  FlutterMacOS: d0db08ddef1a9af05a5ec4b724367152bb0500b1
  HotKey: 400beb7caa29054ea8d864c96f5ba7e5b4852277
  hotkey_manager_macos: a4317849af96d2430fa89944d3c58977ca089fbe
  rust_api: 112f3cfd993afe61c6662bdb30fd6e3509fb3bf8
  setup: 8b838da8e99b84b526ac668469e84de76f32fb74

PODFILE CHECKSUM: b9facb167d6b7e90fef40306c3fe521e010924ac

COCOAPODS: 1.16.2
